
Microsoft Visual Studio Solution File, Format Version 12.00
# Visual Studio Version 17
VisualStudioVersion = 17.7.34031.279
MinimumVisualStudioVersion = 10.0.40219.1
Project("{FAE04EC0-301F-11D3-BF4B-00C04F79EFBC}") = "WindowsFormsApp1", "WindowsFormsApp1\WindowsFormsApp1.csproj", "{D25E1528-02C0-47F2-8D08-3BDCAFCDAC02}"
EndProject
Project("{FAE04EC0-301F-11D3-BF4B-00C04F79EFBC}") = "TestProject1", "TestProject1\TestProject1.csproj", "{7CF497B4-10DA-4790-AEB6-ED012C4A3BC5}"
EndProject
Global
	GlobalSection(SolutionConfigurationPlatforms) = preSolution
		Debug|Any CPU = Debug|Any CPU
		Release|Any CPU = Release|Any CPU
	EndGlobalSection
	GlobalSection(ProjectConfigurationPlatforms) = postSolution
		{D25E1528-02C0-47F2-8D08-3BDCAFCDAC02}.Debug|Any CPU.ActiveCfg = Debug|Any CPU
		{D25E1528-02C0-47F2-8D08-3BDCAFCDAC02}.Debug|Any CPU.Build.0 = Debug|Any CPU
		{D25E1528-02C0-47F2-8D08-3BDCAFCDAC02}.Release|Any CPU.ActiveCfg = Release|Any CPU
		{D25E1528-02C0-47F2-8D08-3BDCAFCDAC02}.Release|Any CPU.Build.0 = Release|Any CPU
		{7CF497B4-10DA-4790-AEB6-ED012C4A3BC5}.Debug|Any CPU.ActiveCfg = Debug|Any CPU
		{7CF497B4-10DA-4790-AEB6-ED012C4A3BC5}.Debug|Any CPU.Build.0 = Debug|Any CPU
		{7CF497B4-10DA-4790-AEB6-ED012C4A3BC5}.Release|Any CPU.ActiveCfg = Release|Any CPU
		{7CF497B4-10DA-4790-AEB6-ED012C4A3BC5}.Release|Any CPU.Build.0 = Release|Any CPU
	EndGlobalSection
	GlobalSection(SolutionProperties) = preSolution
		HideSolutionNode = FALSE
	EndGlobalSection
	GlobalSection(ExtensibilityGlobals) = postSolution
		SolutionGuid = {432E61E9-2E7D-4242-8501-6A16F74D5F85}
	EndGlobalSection
EndGlobal
